
Microsoft Visual Studio Solution File, Format Version 12.00
# Visual Studio Version 17
VisualStudioVersion = 17.5.002.0
MinimumVisualStudioVersion = 10.0.40219.1
Project("{9A19103F-16F7-4668-BE54-9A1E7A4F7556}") = "MeetingApp", "MeetingApp.csproj", "{855B3F92-CB13-4603-B406-5A8AB0C78756}"
EndProject
Global
	GlobalSection(SolutionConfigurationPlatforms) = preSolution
		Debug|Any CPU = Debug|Any CPU
		Release|Any CPU = Release|Any CPU
	EndGlobalSection
	GlobalSection(ProjectConfigurationPlatforms) = postSolution
		{855B3F92-CB13-4603-B406-5A8AB0C78756}.Debug|Any CPU.ActiveCfg = Debug|Any CPU
		{855B3F92-CB13-4603-B406-5A8AB0C78756}.Debug|Any CPU.Build.0 = Debug|Any CPU
		{855B3F92-CB13-4603-B406-5A8AB0C78756}.Release|Any CPU.ActiveCfg = Release|Any CPU
		{855B3F92-CB13-4603-B406-5A8AB0C78756}.Release|Any CPU.Build.0 = Release|Any CPU
	EndGlobalSection
	GlobalSection(SolutionProperties) = preSolution
		HideSolutionNode = FALSE
	EndGlobalSection
	GlobalSection(ExtensibilityGlobals) = postSolution
		SolutionGuid = {6B5A810F-568C-471D-9F40-6C634CCD788D}
	EndGlobalSection
EndGlobal
